// !$*UTF8*$!
{
	archiveVersion = 1;
	classes = {
	};
	objectVersion = 53;
	objects = {

/* Begin PBXBuildFile section */
		2DDA0D25EDF888380547E8C7 /* BlobGlobalState.swift in Sources */ = {isa = PBXBuildFile; fileRef = 2DDA0DC01E5C360C974AF4A3 /* BlobGlobalState.swift */; };
		B703FDFE24D2A89500ADC7A0 /* AppDelegate.swift in Sources */ = {isa = PBXBuildFile; fileRef = B703FDFD24D2A89500ADC7A0 /* AppDelegate.swift */; };
		B703FE0024D2A89500ADC7A0 /* BlobPopover.swift in Sources */ = {isa = PBXBuildFile; fileRef = B703FDFF24D2A89500ADC7A0 /* BlobPopover.swift */; };
		B703FE0224D2A89500ADC7A0 /* Assets.xcassets in Resources */ = {isa = PBXBuildFile; fileRef = B703FE0124D2A89500ADC7A0 /* Assets.xcassets */; };
		B703FE0524D2A89500ADC7A0 /* Preview Assets.xcassets in Resources */ = {isa = PBXBuildFile; fileRef = B703FE0424D2A89500ADC7A0 /* Preview Assets.xcassets */; };
		B703FE0824D2A89500ADC7A0 /* Main.storyboard in Resources */ = {isa = PBXBuildFile; fileRef = B703FE0624D2A89500ADC7A0 /* Main.storyboard */; };
		B707557028444646005D4C51 /* ScreenshotButton.swift in Sources */ = {isa = PBXBuildFile; fileRef = B707556F28444646005D4C51 /* ScreenshotButton.swift */; };
		B70755722844483C005D4C51 /* UploadButton.swift in Sources */ = {isa = PBXBuildFile; fileRef = B70755712844483C005D4C51 /* UploadButton.swift */; };
		B70755742844499E005D4C51 /* Utils.swift in Sources */ = {isa = PBXBuildFile; fileRef = B70755732844499E005D4C51 /* Utils.swift */; };
		B70A98BA24DBFD88007DBA7F /* StatusBar.swift in Sources */ = {isa = PBXBuildFile; fileRef = B70A98B924DBFD88007DBA7F /* StatusBar.swift */; };
		B71ABFA0290EF74F0033E3E6 /* BlobTests.swift in Sources */ = {isa = PBXBuildFile; fileRef = B71ABF9F290EF74F0033E3E6 /* BlobTests.swift */; };
		B71ABFA7290EF9300033E3E6 /* Utils.swift in Sources */ = {isa = PBXBuildFile; fileRef = B70755732844499E005D4C51 /* Utils.swift */; };
		B71ABFA9290EFD310033E3E6 /* RecordButton.swift in Sources */ = {isa = PBXBuildFile; fileRef = B71ABFA8290EFD310033E3E6 /* RecordButton.swift */; };
		B721CFB7285F833B00B945C9 /* FirebaseStorage in Frameworks */ = {isa = PBXBuildFile; productRef = B721CFB6285F833B00B945C9 /* FirebaseStorage */; };
		B721CFBA285F839900B945C9 /* HotKey in Frameworks */ = {isa = PBXBuildFile; productRef = B721CFB9285F839900B945C9 /* HotKey */; };
		B76CD614276E5716005F1A93 /* GoogleService-Info.plist in Resources */ = {isa = PBXBuildFile; fileRef = B76CD613276E5716005F1A93 /* GoogleService-Info.plist */; };
		B78BE10E28BC1BEA00DE6CAC /* SQLite in Frameworks */ = {isa = PBXBuildFile; productRef = B78BE10D28BC1BEA00DE6CAC /* SQLite */; };
		B7B5AB3D285F8C7500C98B70 /* UploadProgressView.swift in Sources */ = {isa = PBXBuildFile; fileRef = B7B5AB3C285F8C7500C98B70 /* UploadProgressView.swift */; };
		B7B5D62B285EF2F500E8BC8A /* CopyButton.swift in Sources */ = {isa = PBXBuildFile; fileRef = B7B5D62A285EF2F500E8BC8A /* CopyButton.swift */; };
		B7B5D62D285EF39400E8BC8A /* OpenButton.swift in Sources */ = {isa = PBXBuildFile; fileRef = B7B5D62C285EF39400E8BC8A /* OpenButton.swift */; };
		B7B5D62F285EF8D200E8BC8A /* Constants.swift in Sources */ = {isa = PBXBuildFile; fileRef = B7B5D62E285EF8D200E8BC8A /* Constants.swift */; };
		B7BDCC60286D69B700B668CC /* BlobPreview.swift in Sources */ = {isa = PBXBuildFile; fileRef = B7BDCC5F286D69B700B668CC /* BlobPreview.swift */; };
		B7E7B3C02A2BB7380042F7D5 /* Notifications.swift in Sources */ = {isa = PBXBuildFile; fileRef = B7E7B3BF2A2BB7380042F7D5 /* Notifications.swift */; };
		B7E7B3C22A2BE3B80042F7D5 /* StatisticsButton.swift in Sources */ = {isa = PBXBuildFile; fileRef = B7E7B3C12A2BE3B80042F7D5 /* StatisticsButton.swift */; };
		B7E7B3C42A2BE53C0042F7D5 /* ConfigurationButton.swift in Sources */ = {isa = PBXBuildFile; fileRef = B7E7B3C32A2BE53C0042F7D5 /* ConfigurationButton.swift */; };
		B7E7B3C62A2BE6140042F7D5 /* DebugButton.swift in Sources */ = {isa = PBXBuildFile; fileRef = B7E7B3C52A2BE6140042F7D5 /* DebugButton.swift */; };
		B7F0B23C28F3897800BECCBA /* BlobListCell.swift in Sources */ = {isa = PBXBuildFile; fileRef = B7F0B23B28F3897800BECCBA /* BlobListCell.swift */; };
/* End PBXBuildFile section */

/* Begin PBXContainerItemProxy section */
		B71ABFA1290EF74F0033E3E6 /* PBXContainerItemProxy */ = {
			isa = PBXContainerItemProxy;
			containerPortal = B703FDF224D2A89500ADC7A0 /* Project object */;
			proxyType = 1;
			remoteGlobalIDString = B703FDF924D2A89500ADC7A0;
			remoteInfo = plop;
		};
/* End PBXContainerItemProxy section */

/* Begin PBXCopyFilesBuildPhase section */
		B7BB43482568EBB400C46F41 /* Embed Frameworks */ = {
			isa = PBXCopyFilesBuildPhase;
			buildActionMask = 2147483647;
			dstPath = "";
			dstSubfolderSpec = 10;
			files = (
			);
			name = "Embed Frameworks";
			runOnlyForDeploymentPostprocessing = 0;
		};
/* End PBXCopyFilesBuildPhase section */

/* Begin PBXFileReference section */
		2DDA0DC01E5C360C974AF4A3 /* BlobGlobalState.swift */ = {isa = PBXFileReference; fileEncoding = 4; lastKnownFileType = sourcecode.swift; path = BlobGlobalState.swift; sourceTree = "<group>"; };
		B703FDFA24D2A89500ADC7A0 /* plop.app */ = {isa = PBXFileReference; explicitFileType = wrapper.application; includeInIndex = 0; path = plop.app; sourceTree = BUILT_PRODUCTS_DIR; };
		B703FDFD24D2A89500ADC7A0 /* AppDelegate.swift */ = {isa = PBXFileReference; indentWidth = 2; lastKnownFileType = sourcecode.swift; path = AppDelegate.swift; sourceTree = "<group>"; };
		B703FDFF24D2A89500ADC7A0 /* BlobPopover.swift */ = {isa = PBXFileReference; lastKnownFileType = sourcecode.swift; path = BlobPopover.swift; sourceTree = "<group>"; };
		B703FE0124D2A89500ADC7A0 /* Assets.xcassets */ = {isa = PBXFileReference; lastKnownFileType = folder.assetcatalog; path = Assets.xcassets; sourceTree = "<group>"; };
		B703FE0424D2A89500ADC7A0 /* Preview Assets.xcassets */ = {isa = PBXFileReference; lastKnownFileType = folder.assetcatalog; path = "Preview Assets.xcassets"; sourceTree = "<group>"; };
		B703FE0724D2A89500ADC7A0 /* Base */ = {isa = PBXFileReference; lastKnownFileType = file.storyboard; name = Base; path = Base.lproj/Main.storyboard; sourceTree = "<group>"; };
		B703FE0924D2A89500ADC7A0 /* Info.plist */ = {isa = PBXFileReference; lastKnownFileType = text.plist.xml; path = Info.plist; sourceTree = "<group>"; };
		B703FE0A24D2A89500ADC7A0 /* plop.entitlements */ = {isa = PBXFileReference; lastKnownFileType = text.plist.entitlements; path = plop.entitlements; sourceTree = "<group>"; };
		B707556F28444646005D4C51 /* ScreenshotButton.swift */ = {isa = PBXFileReference; lastKnownFileType = sourcecode.swift; path = ScreenshotButton.swift; sourceTree = "<group>"; };
		B70755712844483C005D4C51 /* UploadButton.swift */ = {isa = PBXFileReference; lastKnownFileType = sourcecode.swift; path = UploadButton.swift; sourceTree = "<group>"; };
		B70755732844499E005D4C51 /* Utils.swift */ = {isa = PBXFileReference; lastKnownFileType = sourcecode.swift; path = Utils.swift; sourceTree = "<group>"; };
		B70A98B924DBFD88007DBA7F /* StatusBar.swift */ = {isa = PBXFileReference; lastKnownFileType = sourcecode.swift; path = StatusBar.swift; sourceTree = "<group>"; };
		B71ABF9D290EF74F0033E3E6 /* BlobTests.xctest */ = {isa = PBXFileReference; explicitFileType = wrapper.cfbundle; includeInIndex = 0; path = BlobTests.xctest; sourceTree = BUILT_PRODUCTS_DIR; };
		B71ABF9F290EF74F0033E3E6 /* BlobTests.swift */ = {isa = PBXFileReference; lastKnownFileType = sourcecode.swift; path = BlobTests.swift; sourceTree = "<group>"; };
		B71ABFA8290EFD310033E3E6 /* RecordButton.swift */ = {isa = PBXFileReference; lastKnownFileType = sourcecode.swift; path = RecordButton.swift; sourceTree = "<group>"; };
		B76CD613276E5716005F1A93 /* GoogleService-Info.plist */ = {isa = PBXFileReference; lastKnownFileType = text.plist; path = "GoogleService-Info.plist"; sourceTree = SOURCE_ROOT; };
		B7B5AB3C285F8C7500C98B70 /* UploadProgressView.swift */ = {isa = PBXFileReference; lastKnownFileType = sourcecode.swift; path = UploadProgressView.swift; sourceTree = "<group>"; };
		B7B5D62A285EF2F500E8BC8A /* CopyButton.swift */ = {isa = PBXFileReference; lastKnownFileType = sourcecode.swift; path = CopyButton.swift; sourceTree = "<group>"; };
		B7B5D62C285EF39400E8BC8A /* OpenButton.swift */ = {isa = PBXFileReference; lastKnownFileType = sourcecode.swift; path = OpenButton.swift; sourceTree = "<group>"; };
		B7B5D62E285EF8D200E8BC8A /* Constants.swift */ = {isa = PBXFileReference; lastKnownFileType = sourcecode.swift; path = Constants.swift; sourceTree = "<group>"; };
		B7BDCC5F286D69B700B668CC /* BlobPreview.swift */ = {isa = PBXFileReference; lastKnownFileType = sourcecode.swift; path = BlobPreview.swift; sourceTree = "<group>"; };
		B7E7B3BF2A2BB7380042F7D5 /* Notifications.swift */ = {isa = PBXFileReference; lastKnownFileType = sourcecode.swift; path = Notifications.swift; sourceTree = "<group>"; };
		B7E7B3C12A2BE3B80042F7D5 /* StatisticsButton.swift */ = {isa = PBXFileReference; lastKnownFileType = sourcecode.swift; path = StatisticsButton.swift; sourceTree = "<group>"; };
		B7E7B3C32A2BE53C0042F7D5 /* ConfigurationButton.swift */ = {isa = PBXFileReference; lastKnownFileType = sourcecode.swift; path = ConfigurationButton.swift; sourceTree = "<group>"; };
		B7E7B3C52A2BE6140042F7D5 /* DebugButton.swift */ = {isa = PBXFileReference; lastKnownFileType = sourcecode.swift; path = DebugButton.swift; sourceTree = "<group>"; };
		B7F0B23B28F3897800BECCBA /* BlobListCell.swift */ = {isa = PBXFileReference; lastKnownFileType = sourcecode.swift; path = BlobListCell.swift; sourceTree = "<group>"; };
/* End PBXFileReference section */

/* Begin PBXFrameworksBuildPhase section */
		B703FDF724D2A89500ADC7A0 /* Frameworks */ = {
			isa = PBXFrameworksBuildPhase;
			buildActionMask = 2147483647;
			files = (
				B78BE10E28BC1BEA00DE6CAC /* SQLite in Frameworks */,
				B721CFBA285F839900B945C9 /* HotKey in Frameworks */,
				B721CFB7285F833B00B945C9 /* FirebaseStorage in Frameworks */,
			);
			runOnlyForDeploymentPostprocessing = 0;
		};
		B71ABF9A290EF74F0033E3E6 /* Frameworks */ = {
			isa = PBXFrameworksBuildPhase;
			buildActionMask = 2147483647;
			files = (
			);
			runOnlyForDeploymentPostprocessing = 0;
		};
/* End PBXFrameworksBuildPhase section */

/* Begin PBXGroup section */
		B703FDF124D2A89500ADC7A0 = {
			isa = PBXGroup;
			children = (
				B703FDFC24D2A89500ADC7A0 /* plop */,
				B71ABF9E290EF74F0033E3E6 /* BlobTests */,
				B703FDFB24D2A89500ADC7A0 /* Products */,
			);
			sourceTree = "<group>";
		};
		B703FDFB24D2A89500ADC7A0 /* Products */ = {
			isa = PBXGroup;
			children = (
				B703FDFA24D2A89500ADC7A0 /* plop.app */,
				B71ABF9D290EF74F0033E3E6 /* BlobTests.xctest */,
			);
			name = Products;
			sourceTree = "<group>";
		};
		B703FDFC24D2A89500ADC7A0 /* plop */ = {
			isa = PBXGroup;
			children = (
				B703FE0124D2A89500ADC7A0 /* Assets.xcassets */,
				B703FE0324D2A89500ADC7A0 /* Preview Content */,
				B703FE0A24D2A89500ADC7A0 /* plop.entitlements */,
				B703FE0624D2A89500ADC7A0 /* Main.storyboard */,
				B703FE0924D2A89500ADC7A0 /* Info.plist */,
				B76CD613276E5716005F1A93 /* GoogleService-Info.plist */,
				B703FDFD24D2A89500ADC7A0 /* AppDelegate.swift */,
				B703FDFF24D2A89500ADC7A0 /* BlobPopover.swift */,
				B7B5D62E285EF8D200E8BC8A /* Constants.swift */,
				B70A98B924DBFD88007DBA7F /* StatusBar.swift */,
				B707556F28444646005D4C51 /* ScreenshotButton.swift */,
				B70755712844483C005D4C51 /* UploadButton.swift */,
				B71ABFA8290EFD310033E3E6 /* RecordButton.swift */,
				B7B5AB3C285F8C7500C98B70 /* UploadProgressView.swift */,
				B7B5D62A285EF2F500E8BC8A /* CopyButton.swift */,
				B7B5D62C285EF39400E8BC8A /* OpenButton.swift */,
				B70755732844499E005D4C51 /* Utils.swift */,
				B7BDCC5F286D69B700B668CC /* BlobPreview.swift */,
				2DDA0DC01E5C360C974AF4A3 /* BlobGlobalState.swift */,
				B7F0B23B28F3897800BECCBA /* BlobListCell.swift */,
				B7E7B3BF2A2BB7380042F7D5 /* Notifications.swift */,
				B7E7B3C12A2BE3B80042F7D5 /* StatisticsButton.swift */,
				B7E7B3C32A2BE53C0042F7D5 /* ConfigurationButton.swift */,
				B7E7B3C52A2BE6140042F7D5 /* DebugButton.swift */,
			);
			path = plop;
			sourceTree = "<group>";
		};
		B703FE0324D2A89500ADC7A0 /* Preview Content */ = {
			isa = PBXGroup;
			children = (
				B703FE0424D2A89500ADC7A0 /* Preview Assets.xcassets */,
			);
			path = "Preview Content";
			sourceTree = "<group>";
		};
		B71ABF9E290EF74F0033E3E6 /* BlobTests */ = {
			isa = PBXGroup;
			children = (
				B71ABF9F290EF74F0033E3E6 /* BlobTests.swift */,
			);
			path = BlobTests;
			sourceTree = "<group>";
		};
/* End PBXGroup section */

/* Begin PBXNativeTarget section */
		B703FDF924D2A89500ADC7A0 /* plop */ = {
			isa = PBXNativeTarget;
			buildConfigurationList = B703FE0D24D2A89500ADC7A0 /* Build configuration list for PBXNativeTarget "plop" */;
			buildPhases = (
				B703FDF624D2A89500ADC7A0 /* Sources */,
				B703FDF724D2A89500ADC7A0 /* Frameworks */,
				B703FDF824D2A89500ADC7A0 /* Resources */,
				B7BB43482568EBB400C46F41 /* Embed Frameworks */,
			);
			buildRules = (
			);
			dependencies = (
			);
			name = plop;
			packageProductDependencies = (
				B721CFB6285F833B00B945C9 /* FirebaseStorage */,
				B721CFB9285F839900B945C9 /* HotKey */,
				B78BE10D28BC1BEA00DE6CAC /* SQLite */,
			);
			productName = plop;
			productReference = B703FDFA24D2A89500ADC7A0 /* plop.app */;
			productType = "com.apple.product-type.application";
		};
		B71ABF9C290EF74F0033E3E6 /* BlobTests */ = {
			isa = PBXNativeTarget;
			buildConfigurationList = B71ABFA3290EF74F0033E3E6 /* Build configuration list for PBXNativeTarget "BlobTests" */;
			buildPhases = (
				B71ABF99290EF74F0033E3E6 /* Sources */,
				B71ABF9A290EF74F0033E3E6 /* Frameworks */,
				B71ABF9B290EF74F0033E3E6 /* Resources */,
			);
			buildRules = (
			);
			dependencies = (
				B71ABFA2290EF74F0033E3E6 /* PBXTargetDependency */,
			);
			name = BlobTests;
			productName = BlobTests;
			productReference = B71ABF9D290EF74F0033E3E6 /* BlobTests.xctest */;
			productType = "com.apple.product-type.bundle.unit-test";
		};
/* End PBXNativeTarget section */

/* Begin PBXProject section */
		B703FDF224D2A89500ADC7A0 /* Project object */ = {
			isa = PBXProject;
			attributes = {
				BuildIndependentTargetsInParallel = YES;
				LastSwiftUpdateCheck = 1400;
				LastUpgradeCheck = 1400;
				TargetAttributes = {
					B703FDF924D2A89500ADC7A0 = {
						CreatedOnToolsVersion = 12.0;
					};
					B71ABF9C290EF74F0033E3E6 = {
						CreatedOnToolsVersion = 14.0.1;
						TestTargetID = B703FDF924D2A89500ADC7A0;
					};
				};
			};
			buildConfigurationList = B703FDF524D2A89500ADC7A0 /* Build configuration list for PBXProject "plop" */;
			compatibilityVersion = "Xcode 9.3";
			developmentRegion = en;
			hasScannedForEncodings = 0;
			knownRegions = (
				en,
				Base,
			);
			mainGroup = B703FDF124D2A89500ADC7A0;
			packageReferences = (
				B721CFB5285F833B00B945C9 /* XCRemoteSwiftPackageReference "firebase-ios-sdk" */,
				B721CFB8285F839900B945C9 /* XCRemoteSwiftPackageReference "HotKey" */,
				B78BE10C28BC1BEA00DE6CAC /* XCRemoteSwiftPackageReference "SQLite" */,
			);
			productRefGroup = B703FDFB24D2A89500ADC7A0 /* Products */;
			projectDirPath = "";
			projectRoot = "";
			targets = (
				B703FDF924D2A89500ADC7A0 /* plop */,
				B71ABF9C290EF74F0033E3E6 /* BlobTests */,
			);
		};
/* End PBXProject section */

/* Begin PBXResourcesBuildPhase section */
		B703FDF824D2A89500ADC7A0 /* Resources */ = {
			isa = PBXResourcesBuildPhase;
			buildActionMask = 2147483647;
			files = (
				B703FE0824D2A89500ADC7A0 /* Main.storyboard in Resources */,
				B76CD614276E5716005F1A93 /* GoogleService-Info.plist in Resources */,
				B703FE0524D2A89500ADC7A0 /* Preview Assets.xcassets in Resources */,
				B703FE0224D2A89500ADC7A0 /* Assets.xcassets in Resources */,
			);
			runOnlyForDeploymentPostprocessing = 0;
		};
		B71ABF9B290EF74F0033E3E6 /* Resources */ = {
			isa = PBXResourcesBuildPhase;
			buildActionMask = 2147483647;
			files = (
			);
			runOnlyForDeploymentPostprocessing = 0;
		};
/* End PBXResourcesBuildPhase section */

/* Begin PBXSourcesBuildPhase section */
		B703FDF624D2A89500ADC7A0 /* Sources */ = {
			isa = PBXSourcesBuildPhase;
			buildActionMask = 2147483647;
			files = (
				B7E7B3C02A2BB7380042F7D5 /* Notifications.swift in Sources */,
				B703FE0024D2A89500ADC7A0 /* BlobPopover.swift in Sources */,
				B7BDCC60286D69B700B668CC /* BlobPreview.swift in Sources */,
				B7B5D62D285EF39400E8BC8A /* OpenButton.swift in Sources */,
				B70A98BA24DBFD88007DBA7F /* StatusBar.swift in Sources */,
				B70755722844483C005D4C51 /* UploadButton.swift in Sources */,
				B703FDFE24D2A89500ADC7A0 /* AppDelegate.swift in Sources */,
				B7B5D62B285EF2F500E8BC8A /* CopyButton.swift in Sources */,
				B7E7B3C22A2BE3B80042F7D5 /* StatisticsButton.swift in Sources */,
				B707557028444646005D4C51 /* ScreenshotButton.swift in Sources */,
				B70755742844499E005D4C51 /* Utils.swift in Sources */,
				B7E7B3C42A2BE53C0042F7D5 /* ConfigurationButton.swift in Sources */,
				B7B5AB3D285F8C7500C98B70 /* UploadProgressView.swift in Sources */,
				B7E7B3C62A2BE6140042F7D5 /* DebugButton.swift in Sources */,
				B71ABFA9290EFD310033E3E6 /* RecordButton.swift in Sources */,
				B7F0B23C28F3897800BECCBA /* BlobListCell.swift in Sources */,
				B7B5D62F285EF8D200E8BC8A /* Constants.swift in Sources */,
				2DDA0D25EDF888380547E8C7 /* BlobGlobalState.swift in Sources */,
			);
			runOnlyForDeploymentPostprocessing = 0;
		};
		B71ABF99290EF74F0033E3E6 /* Sources */ = {
			isa = PBXSourcesBuildPhase;
			buildActionMask = 2147483647;
			files = (
				B71ABFA0290EF74F0033E3E6 /* BlobTests.swift in Sources */,
				B71ABFA7290EF9300033E3E6 /* Utils.swift in Sources */,
			);
			runOnlyForDeploymentPostprocessing = 0;
		};
/* End PBXSourcesBuildPhase section */

/* Begin PBXTargetDependency section */
		B71ABFA2290EF74F0033E3E6 /* PBXTargetDependency */ = {
			isa = PBXTargetDependency;
			target = B703FDF924D2A89500ADC7A0 /* plop */;
			targetProxy = B71ABFA1290EF74F0033E3E6 /* PBXContainerItemProxy */;
		};
/* End PBXTargetDependency section */

/* Begin PBXVariantGroup section */
		B703FE0624D2A89500ADC7A0 /* Main.storyboard */ = {
			isa = PBXVariantGroup;
			children = (
				B703FE0724D2A89500ADC7A0 /* Base */,
			);
			name = Main.storyboard;
			sourceTree = "<group>";
		};
/* End PBXVariantGroup section */

/* Begin XCBuildConfiguration section */
		B703FE0B24D2A89500ADC7A0 /* Debug */ = {
			isa = XCBuildConfiguration;
			buildSettings = {
				ALWAYS_SEARCH_USER_PATHS = NO;
				CLANG_ANALYZER_NONNULL = YES;
				CLANG_ANALYZER_NUMBER_OBJECT_CONVERSION = YES_AGGRESSIVE;
				CLANG_CXX_LANGUAGE_STANDARD = "gnu++14";
				CLANG_CXX_LIBRARY = "libc++";
				CLANG_ENABLE_MODULES = YES;
				CLANG_ENABLE_OBJC_ARC = YES;
				CLANG_ENABLE_OBJC_WEAK = YES;
				CLANG_WARN_BLOCK_CAPTURE_AUTORELEASING = YES;
				CLANG_WARN_BOOL_CONVERSION = YES;
				CLANG_WARN_COMMA = YES;
				CLANG_WARN_CONSTANT_CONVERSION = YES;
				CLANG_WARN_DEPRECATED_OBJC_IMPLEMENTATIONS = YES;
				CLANG_WARN_DIRECT_OBJC_ISA_USAGE = YES_ERROR;
				CLANG_WARN_DOCUMENTATION_COMMENTS = YES;
				CLANG_WARN_EMPTY_BODY = YES;
				CLANG_WARN_ENUM_CONVERSION = YES;
				CLANG_WARN_INFINITE_RECURSION = YES;
				CLANG_WARN_INT_CONVERSION = YES;
				CLANG_WARN_NON_LITERAL_NULL_CONVERSION = YES;
				CLANG_WARN_OBJC_IMPLICIT_RETAIN_SELF = YES;
				CLANG_WARN_OBJC_LITERAL_CONVERSION = YES;
				CLANG_WARN_OBJC_ROOT_CLASS = YES_ERROR;
				CLANG_WARN_QUOTED_INCLUDE_IN_FRAMEWORK_HEADER = YES;
				CLANG_WARN_RANGE_LOOP_ANALYSIS = YES;
				CLANG_WARN_STRICT_PROTOTYPES = YES;
				CLANG_WARN_SUSPICIOUS_MOVE = YES;
				CLANG_WARN_UNGUARDED_AVAILABILITY = YES_AGGRESSIVE;
				CLANG_WARN_UNREACHABLE_CODE = YES;
				CLANG_WARN__DUPLICATE_METHOD_MATCH = YES;
				COPY_PHASE_STRIP = NO;
				DEAD_CODE_STRIPPING = YES;
				DEBUG_INFORMATION_FORMAT = dwarf;
				ENABLE_STRICT_OBJC_MSGSEND = YES;
				ENABLE_TESTABILITY = YES;
				GCC_C_LANGUAGE_STANDARD = gnu11;
				GCC_DYNAMIC_NO_PIC = NO;
				GCC_NO_COMMON_BLOCKS = YES;
				GCC_OPTIMIZATION_LEVEL = 0;
				GCC_PREPROCESSOR_DEFINITIONS = (
					"DEBUG=1",
					"$(inherited)",
				);
				GCC_WARN_64_TO_32_BIT_CONVERSION = YES;
				GCC_WARN_ABOUT_RETURN_TYPE = YES_ERROR;
				GCC_WARN_UNDECLARED_SELECTOR = YES;
				GCC_WARN_UNINITIALIZED_AUTOS = YES_AGGRESSIVE;
				GCC_WARN_UNUSED_FUNCTION = YES;
				GCC_WARN_UNUSED_VARIABLE = YES;
				MACOSX_DEPLOYMENT_TARGET = 12.0;
				MTL_ENABLE_DEBUG_INFO = INCLUDE_SOURCE;
				MTL_FAST_MATH = YES;
				ONLY_ACTIVE_ARCH = YES;
				SDKROOT = macosx;
				SWIFT_ACTIVE_COMPILATION_CONDITIONS = DEBUG;
				SWIFT_OPTIMIZATION_LEVEL = "-Onone";
			};
			name = Debug;
		};
		B703FE0C24D2A89500ADC7A0 /* Release */ = {
			isa = XCBuildConfiguration;
			buildSettings = {
				ALWAYS_SEARCH_USER_PATHS = NO;
				CLANG_ANALYZER_NONNULL = YES;
				CLANG_ANALYZER_NUMBER_OBJECT_CONVERSION = YES_AGGRESSIVE;
				CLANG_CXX_LANGUAGE_STANDARD = "gnu++14";
				CLANG_CXX_LIBRARY = "libc++";
				CLANG_ENABLE_MODULES = YES;
				CLANG_ENABLE_OBJC_ARC = YES;
				CLANG_ENABLE_OBJC_WEAK = YES;
				CLANG_WARN_BLOCK_CAPTURE_AUTORELEASING = YES;
				CLANG_WARN_BOOL_CONVERSION = YES;
				CLANG_WARN_COMMA = YES;
				CLANG_WARN_CONSTANT_CONVERSION = YES;
				CLANG_WARN_DEPRECATED_OBJC_IMPLEMENTATIONS = YES;
				CLANG_WARN_DIRECT_OBJC_ISA_USAGE = YES_ERROR;
				CLANG_WARN_DOCUMENTATION_COMMENTS = YES;
				CLANG_WARN_EMPTY_BODY = YES;
				CLANG_WARN_ENUM_CONVERSION = YES;
				CLANG_WARN_INFINITE_RECURSION = YES;
				CLANG_WARN_INT_CONVERSION = YES;
				CLANG_WARN_NON_LITERAL_NULL_CONVERSION = YES;
				CLANG_WARN_OBJC_IMPLICIT_RETAIN_SELF = YES;
				CLANG_WARN_OBJC_LITERAL_CONVERSION = YES;
				CLANG_WARN_OBJC_ROOT_CLASS = YES_ERROR;
				CLANG_WARN_QUOTED_INCLUDE_IN_FRAMEWORK_HEADER = YES;
				CLANG_WARN_RANGE_LOOP_ANALYSIS = YES;
				CLANG_WARN_STRICT_PROTOTYPES = YES;
				CLANG_WARN_SUSPICIOUS_MOVE = YES;
				CLANG_WARN_UNGUARDED_AVAILABILITY = YES_AGGRESSIVE;
				CLANG_WARN_UNREACHABLE_CODE = YES;
				CLANG_WARN__DUPLICATE_METHOD_MATCH = YES;
				COPY_PHASE_STRIP = NO;
				DEAD_CODE_STRIPPING = YES;
				DEBUG_INFORMATION_FORMAT = "dwarf-with-dsym";
				ENABLE_NS_ASSERTIONS = NO;
				ENABLE_STRICT_OBJC_MSGSEND = YES;
				GCC_C_LANGUAGE_STANDARD = gnu11;
				GCC_NO_COMMON_BLOCKS = YES;
				GCC_WARN_64_TO_32_BIT_CONVERSION = YES;
				GCC_WARN_ABOUT_RETURN_TYPE = YES_ERROR;
				GCC_WARN_UNDECLARED_SELECTOR = YES;
				GCC_WARN_UNINITIALIZED_AUTOS = YES_AGGRESSIVE;
				GCC_WARN_UNUSED_FUNCTION = YES;
				GCC_WARN_UNUSED_VARIABLE = YES;
				MACOSX_DEPLOYMENT_TARGET = 12.0;
				MTL_ENABLE_DEBUG_INFO = NO;
				MTL_FAST_MATH = YES;
				SDKROOT = macosx;
				SWIFT_COMPILATION_MODE = wholemodule;
				SWIFT_OPTIMIZATION_LEVEL = "-O";
			};
			name = Release;
		};
		B703FE0E24D2A89500ADC7A0 /* Debug */ = {
			isa = XCBuildConfiguration;
			buildSettings = {
				ASSETCATALOG_COMPILER_APPICON_NAME = AppIcon;
				ASSETCATALOG_COMPILER_GLOBAL_ACCENT_COLOR_NAME = AccentColor;
				CODE_SIGN_ENTITLEMENTS = plop/plop.entitlements;
				CODE_SIGN_IDENTITY = "Apple Development";
				CODE_SIGN_STYLE = Automatic;
				COMBINE_HIDPI_IMAGES = YES;
				CURRENT_PROJECT_VERSION = 1;
				DEAD_CODE_STRIPPING = YES;
				DEVELOPMENT_ASSET_PATHS = "\"plop/Preview Content\"";
				DEVELOPMENT_TEAM = HM6Y2RQS2R;
				ENABLE_HARDENED_RUNTIME = YES;
				ENABLE_PREVIEWS = YES;
				INFOPLIST_FILE = plop/Info.plist;
				INFOPLIST_KEY_CFBundleDisplayName = Blob;
				INFOPLIST_KEY_LSApplicationCategoryType = "public.app-category.utilities";
				LD_RUNPATH_SEARCH_PATHS = (
					"$(inherited)",
					"@executable_path/../Frameworks",
				);
				MACOSX_DEPLOYMENT_TARGET = 12.0;
				MARKETING_VERSION = 0.1;
				PRODUCT_BUNDLE_IDENTIFIER = atul.plop;
				PRODUCT_NAME = "$(TARGET_NAME)";
				SWIFT_VERSION = 5.0;
			};
			name = Debug;
		};
		B703FE0F24D2A89500ADC7A0 /* Release */ = {
			isa = XCBuildConfiguration;
			buildSettings = {
				ASSETCATALOG_COMPILER_APPICON_NAME = AppIcon;
				ASSETCATALOG_COMPILER_GLOBAL_ACCENT_COLOR_NAME = AccentColor;
				CODE_SIGN_ENTITLEMENTS = plop/plop.entitlements;
				CODE_SIGN_IDENTITY = "Apple Development";
				CODE_SIGN_STYLE = Automatic;
				COMBINE_HIDPI_IMAGES = YES;
				CURRENT_PROJECT_VERSION = 1;
				DEAD_CODE_STRIPPING = YES;
				DEVELOPMENT_ASSET_PATHS = "\"plop/Preview Content\"";
				DEVELOPMENT_TEAM = HM6Y2RQS2R;
				ENABLE_HARDENED_RUNTIME = YES;
				ENABLE_PREVIEWS = YES;
				INFOPLIST_FILE = plop/Info.plist;
				INFOPLIST_KEY_CFBundleDisplayName = Blob;
				INFOPLIST_KEY_LSApplicationCategoryType = "public.app-category.utilities";
				LD_RUNPATH_SEARCH_PATHS = (
					"$(inherited)",
					"@executable_path/../Frameworks",
				);
				MACOSX_DEPLOYMENT_TARGET = 12.0;
				MARKETING_VERSION = 0.1;
				PRODUCT_BUNDLE_IDENTIFIER = atul.plop;
				PRODUCT_NAME = "$(TARGET_NAME)";
				SWIFT_VERSION = 5.0;
			};
			name = Release;
		};
		B71ABFA4290EF74F0033E3E6 /* Debug */ = {
			isa = XCBuildConfiguration;
			buildSettings = {
				BUNDLE_LOADER = "$(TEST_HOST)";
				CLANG_CXX_LANGUAGE_STANDARD = "gnu++20";
				CODE_SIGN_STYLE = Automatic;
				CURRENT_PROJECT_VERSION = 1;
				DEVELOPMENT_TEAM = HM6Y2RQS2R;
				GENERATE_INFOPLIST_FILE = YES;
				IPHONEOS_DEPLOYMENT_TARGET = 16.0;
				MACOSX_DEPLOYMENT_TARGET = 12.3;
				MARKETING_VERSION = 1.0;
				PRODUCT_BUNDLE_IDENTIFIER = atul.BlobTests;
				PRODUCT_NAME = "$(TARGET_NAME)";
				SDKROOT = auto;
				SUPPORTED_PLATFORMS = "iphoneos iphonesimulator macosx";
				SWIFT_EMIT_LOC_STRINGS = NO;
				SWIFT_VERSION = 5.0;
				TARGETED_DEVICE_FAMILY = "1,2";
				TEST_HOST = "$(BUILT_PRODUCTS_DIR)/plop.app/$(BUNDLE_EXECUTABLE_FOLDER_PATH)/plop";
			};
			name = Debug;
		};
		B71ABFA5290EF74F0033E3E6 /* Release */ = {
			isa = XCBuildConfiguration;
			buildSettings = {
				BUNDLE_LOADER = "$(TEST_HOST)";
				CLANG_CXX_LANGUAGE_STANDARD = "gnu++20";
				CODE_SIGN_STYLE = Automatic;
				CURRENT_PROJECT_VERSION = 1;
				DEVELOPMENT_TEAM = HM6Y2RQS2R;
				GENERATE_INFOPLIST_FILE = YES;
				IPHONEOS_DEPLOYMENT_TARGET = 16.0;
				MACOSX_DEPLOYMENT_TARGET = 12.3;
				MARKETING_VERSION = 1.0;
				PRODUCT_BUNDLE_IDENTIFIER = atul.BlobTests;
				PRODUCT_NAME = "$(TARGET_NAME)";
				SDKROOT = auto;
				SUPPORTED_PLATFORMS = "iphoneos iphonesimulator macosx";
				SWIFT_EMIT_LOC_STRINGS = NO;
				SWIFT_VERSION = 5.0;
				TARGETED_DEVICE_FAMILY = "1,2";
				TEST_HOST = "$(BUILT_PRODUCTS_DIR)/plop.app/$(BUNDLE_EXECUTABLE_FOLDER_PATH)/plop";
			};
			name = Release;
		};
/* End XCBuildConfiguration section */

/* Begin XCConfigurationList section */
		B703FDF524D2A89500ADC7A0 /* Build configuration list for PBXProject "plop" */ = {
			isa = XCConfigurationList;
			buildConfigurations = (
				B703FE0B24D2A89500ADC7A0 /* Debug */,
				B703FE0C24D2A89500ADC7A0 /* Release */,
			);
			defaultConfigurationIsVisible = 0;
			defaultConfigurationName = Release;
		};
		B703FE0D24D2A89500ADC7A0 /* Build configuration list for PBXNativeTarget "plop" */ = {
			isa = XCConfigurationList;
			buildConfigurations = (
				B703FE0E24D2A89500ADC7A0 /* Debug */,
				B703FE0F24D2A89500ADC7A0 /* Release */,
			);
			defaultConfigurationIsVisible = 0;
			defaultConfigurationName = Release;
		};
		B71ABFA3290EF74F0033E3E6 /* Build configuration list for PBXNativeTarget "BlobTests" */ = {
			isa = XCConfigurationList;
			buildConfigurations = (
				B71ABFA4290EF74F0033E3E6 /* Debug */,
				B71ABFA5290EF74F0033E3E6 /* Release */,
			);
			defaultConfigurationIsVisible = 0;
			defaultConfigurationName = Release;
		};
/* End XCConfigurationList section */

/* Begin XCRemoteSwiftPackageReference section */
		B721CFB5285F833B00B945C9 /* XCRemoteSwiftPackageReference "firebase-ios-sdk" */ = {
			isa = XCRemoteSwiftPackageReference;
			repositoryURL = "https://github.com/firebase/firebase-ios-sdk.git";
			requirement = {
				kind = upToNextMajorVersion;
				minimumVersion = 10.1.0;
			};
		};
		B721CFB8285F839900B945C9 /* XCRemoteSwiftPackageReference "HotKey" */ = {
			isa = XCRemoteSwiftPackageReference;
			repositoryURL = "https://github.com/soffes/HotKey";
			requirement = {
				kind = upToNextMajorVersion;
				minimumVersion = 0.1.3;
			};
		};
		B78BE10C28BC1BEA00DE6CAC /* XCRemoteSwiftPackageReference "SQLite" */ = {
			isa = XCRemoteSwiftPackageReference;
			repositoryURL = "https://github.com/stephencelis/SQLite.swift";
			requirement = {
				kind = upToNextMajorVersion;
				minimumVersion = 0.14.1;
			};
		};
/* End XCRemoteSwiftPackageReference section */

/* Begin XCSwiftPackageProductDependency section */
		B721CFB6285F833B00B945C9 /* FirebaseStorage */ = {
			isa = XCSwiftPackageProductDependency;
			package = B721CFB5285F833B00B945C9 /* XCRemoteSwiftPackageReference "firebase-ios-sdk" */;
			productName = FirebaseStorage;
		};
		B721CFB9285F839900B945C9 /* HotKey */ = {
			isa = XCSwiftPackageProductDependency;
			package = B721CFB8285F839900B945C9 /* XCRemoteSwiftPackageReference "HotKey" */;
			productName = HotKey;
		};
		B78BE10D28BC1BEA00DE6CAC /* SQLite */ = {
			isa = XCSwiftPackageProductDependency;
			package = B78BE10C28BC1BEA00DE6CAC /* XCRemoteSwiftPackageReference "SQLite" */;
			productName = SQLite;
		};
/* End XCSwiftPackageProductDependency section */
	};
	rootObject = B703FDF224D2A89500ADC7A0 /* Project object */;
}
